
Microsoft Visual Studio Solution File, Format Version 12.00
# Visual Studio Version 17
VisualStudioVersion = 17.2.32526.322
MinimumVisualStudioVersion = 10.0.40219.1
Project("{FAE04EC0-301F-11D3-BF4B-00C04F79EFBC}") = "Acies Customization", "Acies Customization.csproj", "{FFC551ED-8AE8-49D8-9BD2-F0516CAFF0E0}"
EndProject
Global
	GlobalSection(SolutionConfigurationPlatforms) = preSolution
		Debug|Any CPU = Debug|Any CPU
		Release|Any CPU = Release|Any CPU
	EndGlobalSection
	GlobalSection(ProjectConfigurationPlatforms) = postSolution
		{FFC551ED-8AE8-49D8-9BD2-F0516CAFF0E0}.Debug|Any CPU.ActiveCfg = Debug|Any CPU
		{FFC551ED-8AE8-49D8-9BD2-F0516CAFF0E0}.Debug|Any CPU.Build.0 = Debug|Any CPU
		{FFC551ED-8AE8-49D8-9BD2-F0516CAFF0E0}.Release|Any CPU.ActiveCfg = Release|Any CPU
		{FFC551ED-8AE8-49D8-9BD2-F0516CAFF0E0}.Release|Any CPU.Build.0 = Release|Any CPU
	EndGlobalSection
	GlobalSection(SolutionProperties) = preSolution
		HideSolutionNode = FALSE
	EndGlobalSection
	GlobalSection(ExtensibilityGlobals) = postSolution
		SolutionGuid = {F0DFEE6A-ED31-494D-9668-369DF8FEC3B5}
	EndGlobalSection
EndGlobal
